
Microsoft Visual Studio Solution File, Format Version 12.00
# Visual Studio Version 16
VisualStudioVersion = 16.0.31402.337
MinimumVisualStudioVersion = 10.0.40219.1
Project("{FAE04EC0-301F-11D3-BF4B-00C04F79EFBC}") = "ControlsStyle", "ControlsStyle\ControlsStyle.csproj", "{B8F7A363-543E-4E7B-900C-1977AF0E6A47}"
EndProject
Global
	GlobalSection(SolutionConfigurationPlatforms) = preSolution
		Debug|Any CPU = Debug|Any CPU
		Release|Any CPU = Release|Any CPU
	EndGlobalSection
	GlobalSection(ProjectConfigurationPlatforms) = postSolution
		{B8F7A363-543E-4E7B-900C-1977AF0E6A47}.Debug|Any CPU.ActiveCfg = Debug|Any CPU
		{B8F7A363-543E-4E7B-900C-1977AF0E6A47}.Debug|Any CPU.Build.0 = Debug|Any CPU
		{B8F7A363-543E-4E7B-900C-1977AF0E6A47}.Release|Any CPU.ActiveCfg = Release|Any CPU
		{B8F7A363-543E-4E7B-900C-1977AF0E6A47}.Release|Any CPU.Build.0 = Release|Any CPU
	EndGlobalSection
	GlobalSection(SolutionProperties) = preSolution
		HideSolutionNode = FALSE
	EndGlobalSection
	GlobalSection(ExtensibilityGlobals) = postSolution
		SolutionGuid = {F1687C00-48A6-47E4-B0AB-145558CE3345}
	EndGlobalSection
EndGlobal
